
Microsoft Visual Studio Solution File, Format Version 12.00
# Visual Studio Version 17
VisualStudioVersion = 17.5.002.0
MinimumVisualStudioVersion = 10.0.40219.1
Project("{9A19103F-16F7-4668-BE54-9A1E7A4F7556}") = "outputCF8", "Temp\outputCF8.csproj", "{8DB23F98-679C-4854-92D0-AF71304F95E7}"
EndProject
Project("{9A19103F-16F7-4668-BE54-9A1E7A4F7556}") = "outputRealCF8", "Temp\outputRealCF8.csproj", "{55B7755F-203B-4208-A68E-982FF2DCC112}"
EndProject
Global
	GlobalSection(SolutionConfigurationPlatforms) = preSolution
		Debug|Any CPU = Debug|Any CPU
		Release|Any CPU = Release|Any CPU
	EndGlobalSection
	GlobalSection(ProjectConfigurationPlatforms) = postSolution
		{8DB23F98-679C-4854-92D0-AF71304F95E7}.Debug|Any CPU.ActiveCfg = Debug|Any CPU
		{8DB23F98-679C-4854-92D0-AF71304F95E7}.Debug|Any CPU.Build.0 = Debug|Any CPU
		{8DB23F98-679C-4854-92D0-AF71304F95E7}.Release|Any CPU.ActiveCfg = Release|Any CPU
		{8DB23F98-679C-4854-92D0-AF71304F95E7}.Release|Any CPU.Build.0 = Release|Any CPU
		{55B7755F-203B-4208-A68E-982FF2DCC112}.Debug|Any CPU.ActiveCfg = Debug|Any CPU
		{55B7755F-203B-4208-A68E-982FF2DCC112}.Debug|Any CPU.Build.0 = Debug|Any CPU
		{55B7755F-203B-4208-A68E-982FF2DCC112}.Release|Any CPU.ActiveCfg = Release|Any CPU
		{55B7755F-203B-4208-A68E-982FF2DCC112}.Release|Any CPU.Build.0 = Release|Any CPU
	EndGlobalSection
	GlobalSection(SolutionProperties) = preSolution
		HideSolutionNode = FALSE
	EndGlobalSection
	GlobalSection(ExtensibilityGlobals) = postSolution
		SolutionGuid = {ECFD1CE6-A173-41EA-BF4E-5547C9BABC03}
	EndGlobalSection
EndGlobal
